Microsoft Visual Studio Solution File, Format Version 12.00
# Visual Studio 15
VisualStudioVersion = 15.0.26124.0
MinimumVisualStudioVersion = 15.0.26124.0
Project("{6EC3EE1D-3C4E-46DD-8F32-0CC8E7565705}") = "FSharpKoans", "FSharpKoans\FSharpKoans.fsproj", "{ED99AB39-27F1-49EC-800D-653737DF9AC7}"
EndProject
Project("{6EC3EE1D-3C4E-46DD-8F32-0CC8E7565705}") = "FSharpKoans.Core", "FSharpKoans.Core\FSharpKoans.Core.fsproj", "{1A35FDFE-F24D-4AA7-9835-66AEE64359E2}"
EndProject
Project("{6EC3EE1D-3C4E-46DD-8F32-0CC8E7565705}") = "FSharpKoans.Test", "FSharpKoans.Test\FSharpKoans.Test.fsproj", "{13AA1479-CE6F-48BC-AC05-F73B387C6D9E}"
EndProject
Global
	GlobalSection(SolutionConfigurationPlatforms) = preSolution
		Debug|Any CPU = Debug|Any CPU
		Debug|x64 = Debug|x64
		Debug|x86 = Debug|x86
		Release|Any CPU = Release|Any CPU
		Release|x64 = Release|x64
		Release|x86 = Release|x86
	EndGlobalSection
	GlobalSection(ProjectConfigurationPlatforms) = postSolution
		{ED99AB39-27F1-49EC-800D-653737DF9AC7}.Debug|Any CPU.ActiveCfg = Debug|Any CPU
		{ED99AB39-27F1-49EC-800D-653737DF9AC7}.Debug|Any CPU.Build.0 = Debug|Any CPU
		{ED99AB39-27F1-49EC-800D-653737DF9AC7}.Debug|x64.ActiveCfg = Debug|Any CPU
		{ED99AB39-27F1-49EC-800D-653737DF9AC7}.Debug|x64.Build.0 = Debug|Any CPU
		{ED99AB39-27F1-49EC-800D-653737DF9AC7}.Debug|x86.ActiveCfg = Debug|Any CPU
		{ED99AB39-27F1-49EC-800D-653737DF9AC7}.Debug|x86.Build.0 = Debug|Any CPU
		{ED99AB39-27F1-49EC-800D-653737DF9AC7}.Release|Any CPU.ActiveCfg = Release|Any CPU
		{ED99AB39-27F1-49EC-800D-653737DF9AC7}.Release|Any CPU.Build.0 = Release|Any CPU
		{ED99AB39-27F1-49EC-800D-653737DF9AC7}.Release|x64.ActiveCfg = Release|Any CPU
		{ED99AB39-27F1-49EC-800D-653737DF9AC7}.Release|x64.Build.0 = Release|Any CPU
		{ED99AB39-27F1-49EC-800D-653737DF9AC7}.Release|x86.ActiveCfg = Release|Any CPU
		{ED99AB39-27F1-49EC-800D-653737DF9AC7}.Release|x86.Build.0 = Release|Any CPU
		{1A35FDFE-F24D-4AA7-9835-66AEE64359E2}.Debug|Any CPU.ActiveCfg = Debug|Any CPU
		{1A35FDFE-F24D-4AA7-9835-66AEE64359E2}.Debug|Any CPU.Build.0 = Debug|Any CPU
		{1A35FDFE-F24D-4AA7-9835-66AEE64359E2}.Debug|x64.ActiveCfg = Debug|Any CPU
		{1A35FDFE-F24D-4AA7-9835-66AEE64359E2}.Debug|x64.Build.0 = Debug|Any CPU
		{1A35FDFE-F24D-4AA7-9835-66AEE64359E2}.Debug|x86.ActiveCfg = Debug|Any CPU
		{1A35FDFE-F24D-4AA7-9835-66AEE64359E2}.Debug|x86.Build.0 = Debug|Any CPU
		{1A35FDFE-F24D-4AA7-9835-66AEE64359E2}.Release|Any CPU.ActiveCfg = Release|Any CPU
		{1A35FDFE-F24D-4AA7-9835-66AEE64359E2}.Release|Any CPU.Build.0 = Release|Any CPU
		{1A35FDFE-F24D-4AA7-9835-66AEE64359E2}.Release|x64.ActiveCfg = Release|Any CPU
		{1A35FDFE-F24D-4AA7-9835-66AEE64359E2}.Release|x64.Build.0 = Release|Any CPU
		{1A35FDFE-F24D-4AA7-9835-66AEE64359E2}.Release|x86.ActiveCfg = Release|Any CPU
		{1A35FDFE-F24D-4AA7-9835-66AEE64359E2}.Release|x86.Build.0 = Release|Any CPU
		{13AA1479-CE6F-48BC-AC05-F73B387C6D9E}.Debug|Any CPU.ActiveCfg = Debug|Any CPU
		{13AA1479-CE6F-48BC-AC05-F73B387C6D9E}.Debug|Any CPU.Build.0 = Debug|Any CPU
		{13AA1479-CE6F-48BC-AC05-F73B387C6D9E}.Debug|x64.ActiveCfg = Debug|Any CPU
		{13AA1479-CE6F-48BC-AC05-F73B387C6D9E}.Debug|x64.Build.0 = Debug|Any CPU
		{13AA1479-CE6F-48BC-AC05-F73B387C6D9E}.Debug|x86.ActiveCfg = Debug|Any CPU
		{13AA1479-CE6F-48BC-AC05-F73B387C6D9E}.Debug|x86.Build.0 = Debug|Any CPU
		{13AA1479-CE6F-48BC-AC05-F73B387C6D9E}.Release|Any CPU.ActiveCfg = Release|Any CPU
		{13AA1479-CE6F-48BC-AC05-F73B387C6D9E}.Release|Any CPU.Build.0 = Release|Any CPU
		{13AA1479-CE6F-48BC-AC05-F73B387C6D9E}.Release|x64.ActiveCfg = Release|Any CPU
		{13AA1479-CE6F-48BC-AC05-F73B387C6D9E}.Release|x64.Build.0 = Release|Any CPU
		{13AA1479-CE6F-48BC-AC05-F73B387C6D9E}.Release|x86.ActiveCfg = Release|Any CPU
		{13AA1479-CE6F-48BC-AC05-F73B387C6D9E}.Release|x86.Build.0 = Release|Any CPU
	EndGlobalSection
	GlobalSection(SolutionProperties) = preSolution
		HideSolutionNode = FALSE
	EndGlobalSection
	GlobalSection(ExtensibilityGlobals) = postSolution
		SolutionGuid = {35FB6C29-2BEB-4FA3-8A51-0CBBB5BCAEE3}
	EndGlobalSection
EndGlobal
