
Microsoft Visual Studio Solution File, Format Version 10.00
# Visual Studio 2008
Project("{F2A71F9B-5D33-465A-A702-920D77279786}") = "KoansRunner.Test", "KoansRunner.Test\KoansRunner.Test.fsproj", "{9CB94405-DA47-4395-B9BE-06C564CA1B18}"
EndProject
Project("{F2A71F9B-5D33-465A-A702-920D77279786}") = "FSharpKoans.Core", "FSharpKoans.Core\FsharpKoans.Core.fsproj", "{940F1E56-DA0A-41DF-8BA4-D73EBC95618A}"
EndProject
Project("{F2A71F9B-5D33-465A-A702-920D77279786}") = "FSharpKoans", "FSharpKoans\FSharpKoans.fsproj", "{CE612B24-59C8-4FDD-AA88-E5EEA56697E4}"
EndProject
Global
	GlobalSection(SolutionConfigurationPlatforms) = preSolution
		Debug|Any CPU = Debug|Any CPU
		Release|Any CPU = Release|Any CPU
	EndGlobalSection
	GlobalSection(ProjectConfigurationPlatforms) = postSolution
		{9CB94405-DA47-4395-B9BE-06C564CA1B18}.Debug|Any CPU.ActiveCfg = Debug|Any CPU
		{9CB94405-DA47-4395-B9BE-06C564CA1B18}.Debug|Any CPU.Build.0 = Debug|Any CPU
		{9CB94405-DA47-4395-B9BE-06C564CA1B18}.Release|Any CPU.ActiveCfg = Release|Any CPU
		{9CB94405-DA47-4395-B9BE-06C564CA1B18}.Release|Any CPU.Build.0 = Release|Any CPU
		{940F1E56-DA0A-41DF-8BA4-D73EBC95618A}.Debug|Any CPU.ActiveCfg = Debug|Any CPU
		{940F1E56-DA0A-41DF-8BA4-D73EBC95618A}.Debug|Any CPU.Build.0 = Debug|Any CPU
		{940F1E56-DA0A-41DF-8BA4-D73EBC95618A}.Release|Any CPU.ActiveCfg = Release|Any CPU
		{940F1E56-DA0A-41DF-8BA4-D73EBC95618A}.Release|Any CPU.Build.0 = Release|Any CPU
		{CE612B24-59C8-4FDD-AA88-E5EEA56697E4}.Debug|Any CPU.ActiveCfg = Debug|Any CPU
		{CE612B24-59C8-4FDD-AA88-E5EEA56697E4}.Debug|Any CPU.Build.0 = Debug|Any CPU
		{CE612B24-59C8-4FDD-AA88-E5EEA56697E4}.Release|Any CPU.ActiveCfg = Release|Any CPU
		{CE612B24-59C8-4FDD-AA88-E5EEA56697E4}.Release|Any CPU.Build.0 = Release|Any CPU
	EndGlobalSection
	GlobalSection(SolutionProperties) = preSolution
		HideSolutionNode = FALSE
	EndGlobalSection
EndGlobal
