
Microsoft Visual Studio Solution File, Format Version 12.00
# Visual Studio 14
VisualStudioVersion = 14.0.25420.1
MinimumVisualStudioVersion = 10.0.40219.1
Project("{F2A71F9B-5D33-465A-A702-920D77279786}") = "FsharpKoans.Core", "FSharpKoans.Core\FsharpKoans.Core.fsproj", "{71460AA5-7357-4F1C-99BC-54244B50B00E}"
EndProject
Project("{F2A71F9B-5D33-465A-A702-920D77279786}") = "FSharpKoans", "FSharpKoans\FSharpKoans.fsproj", "{87C025E8-3E63-4A20-B1CA-2E346D0E0C51}"
EndProject
Project("{F2A71F9B-5D33-465A-A702-920D77279786}") = "FSharpKoans.Test", "FSharpKoans.Test\FSharpKoans.Test.fsproj", "{69F00CBF-0EDC-4260-B852-C53B8C44BBCE}"
EndProject
Global
	GlobalSection(SolutionConfigurationPlatforms) = preSolution
		Debug|Any CPU = Debug|Any CPU
		Debug|Mixed Platforms = Debug|Mixed Platforms
		Debug|x64 = Debug|x64
		Debug|x86 = Debug|x86
		Release|Any CPU = Release|Any CPU
		Release|Mixed Platforms = Release|Mixed Platforms
		Release|x64 = Release|x64
		Release|x86 = Release|x86
	EndGlobalSection
	GlobalSection(ProjectConfigurationPlatforms) = postSolution
		{71460AA5-7357-4F1C-99BC-54244B50B00E}.Debug|Any CPU.ActiveCfg = Debug|Any CPU
		{71460AA5-7357-4F1C-99BC-54244B50B00E}.Debug|Any CPU.Build.0 = Debug|Any CPU
		{71460AA5-7357-4F1C-99BC-54244B50B00E}.Debug|Mixed Platforms.ActiveCfg = Debug|Any CPU
		{71460AA5-7357-4F1C-99BC-54244B50B00E}.Debug|Mixed Platforms.Build.0 = Debug|Any CPU
		{71460AA5-7357-4F1C-99BC-54244B50B00E}.Debug|x64.ActiveCfg = Debug|Any CPU
		{71460AA5-7357-4F1C-99BC-54244B50B00E}.Debug|x86.ActiveCfg = Debug|Any CPU
		{71460AA5-7357-4F1C-99BC-54244B50B00E}.Release|Any CPU.ActiveCfg = Release|Any CPU
		{71460AA5-7357-4F1C-99BC-54244B50B00E}.Release|Any CPU.Build.0 = Release|Any CPU
		{71460AA5-7357-4F1C-99BC-54244B50B00E}.Release|Mixed Platforms.ActiveCfg = Release|Any CPU
		{71460AA5-7357-4F1C-99BC-54244B50B00E}.Release|Mixed Platforms.Build.0 = Release|Any CPU
		{71460AA5-7357-4F1C-99BC-54244B50B00E}.Release|x64.ActiveCfg = Release|Any CPU
		{71460AA5-7357-4F1C-99BC-54244B50B00E}.Release|x86.ActiveCfg = Release|Any CPU
		{87C025E8-3E63-4A20-B1CA-2E346D0E0C51}.Debug|Any CPU.ActiveCfg = Debug|x86
		{87C025E8-3E63-4A20-B1CA-2E346D0E0C51}.Debug|Mixed Platforms.ActiveCfg = Debug|x86
		{87C025E8-3E63-4A20-B1CA-2E346D0E0C51}.Debug|Mixed Platforms.Build.0 = Debug|x86
		{87C025E8-3E63-4A20-B1CA-2E346D0E0C51}.Debug|x64.ActiveCfg = Debug|x86
		{87C025E8-3E63-4A20-B1CA-2E346D0E0C51}.Debug|x86.ActiveCfg = Debug|x86
		{87C025E8-3E63-4A20-B1CA-2E346D0E0C51}.Debug|x86.Build.0 = Debug|x86
		{87C025E8-3E63-4A20-B1CA-2E346D0E0C51}.Release|Any CPU.ActiveCfg = Release|x86
		{87C025E8-3E63-4A20-B1CA-2E346D0E0C51}.Release|Mixed Platforms.ActiveCfg = Release|x86
		{87C025E8-3E63-4A20-B1CA-2E346D0E0C51}.Release|Mixed Platforms.Build.0 = Release|x86
		{87C025E8-3E63-4A20-B1CA-2E346D0E0C51}.Release|x64.ActiveCfg = Release|x86
		{87C025E8-3E63-4A20-B1CA-2E346D0E0C51}.Release|x86.ActiveCfg = Release|x86
		{87C025E8-3E63-4A20-B1CA-2E346D0E0C51}.Release|x86.Build.0 = Release|x86
		{69F00CBF-0EDC-4260-B852-C53B8C44BBCE}.Debug|Any CPU.ActiveCfg = Debug|Any CPU
		{69F00CBF-0EDC-4260-B852-C53B8C44BBCE}.Debug|Any CPU.Build.0 = Debug|Any CPU
		{69F00CBF-0EDC-4260-B852-C53B8C44BBCE}.Debug|Mixed Platforms.ActiveCfg = Debug|Any CPU
		{69F00CBF-0EDC-4260-B852-C53B8C44BBCE}.Debug|Mixed Platforms.Build.0 = Debug|Any CPU
		{69F00CBF-0EDC-4260-B852-C53B8C44BBCE}.Debug|x64.ActiveCfg = Debug|Any CPU
		{69F00CBF-0EDC-4260-B852-C53B8C44BBCE}.Debug|x86.ActiveCfg = Debug|Any CPU
		{69F00CBF-0EDC-4260-B852-C53B8C44BBCE}.Release|Any CPU.ActiveCfg = Release|Any CPU
		{69F00CBF-0EDC-4260-B852-C53B8C44BBCE}.Release|Any CPU.Build.0 = Release|Any CPU
		{69F00CBF-0EDC-4260-B852-C53B8C44BBCE}.Release|Mixed Platforms.ActiveCfg = Release|Any CPU
		{69F00CBF-0EDC-4260-B852-C53B8C44BBCE}.Release|Mixed Platforms.Build.0 = Release|Any CPU
		{69F00CBF-0EDC-4260-B852-C53B8C44BBCE}.Release|x64.ActiveCfg = Release|Any CPU
		{69F00CBF-0EDC-4260-B852-C53B8C44BBCE}.Release|x86.ActiveCfg = Release|Any CPU
	EndGlobalSection
	GlobalSection(SolutionProperties) = preSolution
		HideSolutionNode = FALSE
	EndGlobalSection
EndGlobal
