
Microsoft Visual Studio Solution File, Format Version 12.00
# Visual Studio 15
VisualStudioVersion = 15.0.27130.2026
MinimumVisualStudioVersion = 10.0.40219.1
Project("{F2A71F9B-5D33-465A-A702-920D77279786}") = "FSharpKoans", "FSharpKoans\FSharpKoans.fsproj", "{87C025E8-3E63-4A20-B1CA-2E346D0E0C51}"
EndProject
Project("{2150E333-8FDC-42A3-9474-1A3956D46DE8}") = "Solution Items", "Solution Items", "{282488AD-3819-41BF-9350-DEAFE6564783}"
	ProjectSection(SolutionItems) = preProject
		README.markdown = README.markdown
	EndProjectSection
EndProject
Global
	GlobalSection(SolutionConfigurationPlatforms) = preSolution
		Debug|Any CPU = Debug|Any CPU
		Debug|Mixed Platforms = Debug|Mixed Platforms
		Debug|x64 = Debug|x64
		Debug|x86 = Debug|x86
		Release|Any CPU = Release|Any CPU
		Release|Mixed Platforms = Release|Mixed Platforms
		Release|x64 = Release|x64
		Release|x86 = Release|x86
	EndGlobalSection
	GlobalSection(ProjectConfigurationPlatforms) = postSolution
		{87C025E8-3E63-4A20-B1CA-2E346D0E0C51}.Debug|Any CPU.ActiveCfg = Debug|x86
		{87C025E8-3E63-4A20-B1CA-2E346D0E0C51}.Debug|Mixed Platforms.ActiveCfg = Debug|x86
		{87C025E8-3E63-4A20-B1CA-2E346D0E0C51}.Debug|Mixed Platforms.Build.0 = Debug|x86
		{87C025E8-3E63-4A20-B1CA-2E346D0E0C51}.Debug|x64.ActiveCfg = Debug|x86
		{87C025E8-3E63-4A20-B1CA-2E346D0E0C51}.Debug|x86.ActiveCfg = Debug|x86
		{87C025E8-3E63-4A20-B1CA-2E346D0E0C51}.Debug|x86.Build.0 = Debug|x86
		{87C025E8-3E63-4A20-B1CA-2E346D0E0C51}.Release|Any CPU.ActiveCfg = Release|x86
		{87C025E8-3E63-4A20-B1CA-2E346D0E0C51}.Release|Mixed Platforms.ActiveCfg = Release|x86
		{87C025E8-3E63-4A20-B1CA-2E346D0E0C51}.Release|Mixed Platforms.Build.0 = Release|x86
		{87C025E8-3E63-4A20-B1CA-2E346D0E0C51}.Release|x64.ActiveCfg = Release|x86
		{87C025E8-3E63-4A20-B1CA-2E346D0E0C51}.Release|x86.ActiveCfg = Release|x86
		{87C025E8-3E63-4A20-B1CA-2E346D0E0C51}.Release|x86.Build.0 = Release|x86
	EndGlobalSection
	GlobalSection(SolutionProperties) = preSolution
		HideSolutionNode = FALSE
	EndGlobalSection
	GlobalSection(ExtensibilityGlobals) = postSolution
		SolutionGuid = {B14A375F-5F7C-4AE3-99ED-E2647943EF50}
	EndGlobalSection
EndGlobal
